// !$*UTF8*$!
{
	archiveVersion = 1;
	classes = {
	};
	objectVersion = 48;
	objects = {

/* Begin PBXBuildFile section */
		D2E7EB922008E468009AEA30 /* ExampleAppDelegate.m in Sources */ = {isa = PBXBuildFile; fileRef = D2E7EB912008E468009AEA30 /* ExampleAppDelegate.m */; };
		D2E7EB952008E468009AEA30 /* ViewController.m in Sources */ = {isa = PBXBuildFile; fileRef = D2E7EB942008E468009AEA30 /* ViewController.m */; };
		D2E7EB982008E468009AEA30 /* Main.storyboard in Resources */ = {isa = PBXBuildFile; fileRef = D2E7EB962008E468009AEA30 /* Main.storyboard */; };
		D2E7EB9A2008E468009AEA30 /* Assets.xcassets in Resources */ = {isa = PBXBuildFile; fileRef = D2E7EB992008E468009AEA30 /* Assets.xcassets */; };
		D2E7EB9D2008E468009AEA30 /* LaunchScreen.storyboard in Resources */ = {isa = PBXBuildFile; fileRef = D2E7EB9B2008E468009AEA30 /* LaunchScreen.storyboard */; };
		D2E7EBA02008E468009AEA30 /* main.m in Sources */ = {isa = PBXBuildFile; fileRef = D2E7EB9F2008E468009AEA30 /* main.m */; };
		D2E7EBA92008F1D6009AEA30 /* UILabel+XYExtend.m in Sources */ = {isa = PBXBuildFile; fileRef = D2E7EBA82008F1D6009AEA30 /* UILabel+XYExtend.m */; };
		D2E7EBB22008FD4F009AEA30 /* XYAppDelegate.m in Sources */ = {isa = PBXBuildFile; fileRef = D2E7EBB12008FD4F009AEA30 /* XYAppDelegate.m */; };
		D2E7EBB52008FD4F009AEA30 /* ViewController.m in Sources */ = {isa = PBXBuildFile; fileRef = D2E7EBB42008FD4F009AEA30 /* ViewController.m */; };
		D2E7EBB82008FD4F009AEA30 /* Main.storyboard in Resources */ = {isa = PBXBuildFile; fileRef = D2E7EBB62008FD4F009AEA30 /* Main.storyboard */; };
		D2E7EBBA2008FD4F009AEA30 /* Assets.xcassets in Resources */ = {isa = PBXBuildFile; fileRef = D2E7EBB92008FD4F009AEA30 /* Assets.xcassets */; };
		D2E7EBBD2008FD4F009AEA30 /* LaunchScreen.storyboard in Resources */ = {isa = PBXBuildFile; fileRef = D2E7EBBB2008FD4F009AEA30 /* LaunchScreen.storyboard */; };
		D2E7EBC02008FD4F009AEA30 /* main.m in Sources */ = {isa = PBXBuildFile; fileRef = D2E7EBBF2008FD4F009AEA30 /* main.m */; };
		D2E7EBD220091717009AEA30 /* control in Resources */ = {isa = PBXBuildFile; fileRef = D2E7EBCE20091717009AEA30 /* control */; };
		D2E7EBD320091717009AEA30 /* Makefile in Sources */ = {isa = PBXBuildFile; fileRef = D2E7EBCF20091717009AEA30 /* Makefile */; };
		D2E7EBD520091717009AEA30 /* videotweak.plist in Resources */ = {isa = PBXBuildFile; fileRef = D2E7EBD120091717009AEA30 /* videotweak.plist */; };
		D2E7EBDC20092A0D009AEA30 /* insert_dylib in Resources */ = {isa = PBXBuildFile; fileRef = D2E7EBD720092A0D009AEA30 /* insert_dylib */; };
		D2E7EBDD20092A0D009AEA30 /* libsubstrate.dylib in Frameworks */ = {isa = PBXBuildFile; fileRef = D2E7EBD820092A0D009AEA30 /* libsubstrate.dylib */; };
		D2E7EBDE20092A0D009AEA30 /* videotweak.dylib in Frameworks */ = {isa = PBXBuildFile; fileRef = D2E7EBD920092A0D009AEA30 /* videotweak.dylib */; };
		D2E7EBDF20092A0D009AEA30 /* Tweak.xm in Resources */ = {isa = PBXBuildFile; fileRef = D2E7EBDB20092A0D009AEA30 /* Tweak.xm */; };
		D2E7EBEA200942E2009AEA30 /* UIViewController+XYHookExtend.m in Sources */ = {isa = PBXBuildFile; fileRef = D2E7EBE9200942E2009AEA30 /* UIViewController+XYHookExtend.m */; };
		D2E7EBED20094403009AEA30 /* ExampleObj.m in Sources */ = {isa = PBXBuildFile; fileRef = D2E7EBEC20094403009AEA30 /* ExampleObj.m */; };
/* End PBXBuildFile section */

/* Begin PBXFileReference section */
		D2E7EB8D2008E468009AEA30 /* Video.app */ = {isa = PBXFileReference; explicitFileType = wrapper.application; includeInIndex = 0; path = Video.app; sourceTree = BUILT_PRODUCTS_DIR; };
		D2E7EB902008E468009AEA30 /* ExampleAppDelegate.h */ = {isa = PBXFileReference; lastKnownFileType = sourcecode.c.h; path = ExampleAppDelegate.h; sourceTree = "<group>"; };
		D2E7EB912008E468009AEA30 /* ExampleAppDelegate.m */ = {isa = PBXFileReference; lastKnownFileType = sourcecode.c.objc; path = ExampleAppDelegate.m; sourceTree = "<group>"; };
		D2E7EB932008E468009AEA30 /* ViewController.h */ = {isa = PBXFileReference; lastKnownFileType = sourcecode.c.h; path = ViewController.h; sourceTree = "<group>"; };
		D2E7EB942008E468009AEA30 /* ViewController.m */ = {isa = PBXFileReference; lastKnownFileType = sourcecode.c.objc; path = ViewController.m; sourceTree = "<group>"; };
		D2E7EB972008E468009AEA30 /* Base */ = {isa = PBXFileReference; lastKnownFileType = file.storyboard; name = Base; path = Base.lproj/Main.storyboard; sourceTree = "<group>"; };
		D2E7EB992008E468009AEA30 /* Assets.xcassets */ = {isa = PBXFileReference; lastKnownFileType = folder.assetcatalog; path = Assets.xcassets; sourceTree = "<group>"; };
		D2E7EB9C2008E468009AEA30 /* Base */ = {isa = PBXFileReference; lastKnownFileType = file.storyboard; name = Base; path = Base.lproj/LaunchScreen.storyboard; sourceTree = "<group>"; };
		D2E7EB9E2008E468009AEA30 /* Info.plist */ = {isa = PBXFileReference; lastKnownFileType = text.plist.xml; path = Info.plist; sourceTree = "<group>"; };
		D2E7EB9F2008E468009AEA30 /* main.m */ = {isa = PBXFileReference; lastKnownFileType = sourcecode.c.objc; path = main.m; sourceTree = "<group>"; };
		D2E7EBA72008F1D6009AEA30 /* UILabel+XYExtend.h */ = {isa = PBXFileReference; lastKnownFileType = sourcecode.c.h; path = "UILabel+XYExtend.h"; sourceTree = "<group>"; };
		D2E7EBA82008F1D6009AEA30 /* UILabel+XYExtend.m */ = {isa = PBXFileReference; lastKnownFileType = sourcecode.c.objc; path = "UILabel+XYExtend.m"; sourceTree = "<group>"; };
		D2E7EBAE2008FD4F009AEA30 /* VideoTweak.app */ = {isa = PBXFileReference; explicitFileType = wrapper.application; includeInIndex = 0; path = VideoTweak.app; sourceTree = BUILT_PRODUCTS_DIR; };
		D2E7EBB02008FD4F009AEA30 /* XYAppDelegate.h */ = {isa = PBXFileReference; lastKnownFileType = sourcecode.c.h; path = XYAppDelegate.h; sourceTree = "<group>"; };
		D2E7EBB12008FD4F009AEA30 /* XYAppDelegate.m */ = {isa = PBXFileReference; lastKnownFileType = sourcecode.c.objc; path = XYAppDelegate.m; sourceTree = "<group>"; };
		D2E7EBB32008FD4F009AEA30 /* ViewController.h */ = {isa = PBXFileReference; lastKnownFileType = sourcecode.c.h; path = ViewController.h; sourceTree = "<group>"; };
		D2E7EBB42008FD4F009AEA30 /* ViewController.m */ = {isa = PBXFileReference; lastKnownFileType = sourcecode.c.objc; path = ViewController.m; sourceTree = "<group>"; };
		D2E7EBB72008FD4F009AEA30 /* Base */ = {isa = PBXFileReference; lastKnownFileType = file.storyboard; name = Base; path = Base.lproj/Main.storyboard; sourceTree = "<group>"; };
		D2E7EBB92008FD4F009AEA30 /* Assets.xcassets */ = {isa = PBXFileReference; lastKnownFileType = folder.assetcatalog; path = Assets.xcassets; sourceTree = "<group>"; };
		D2E7EBBC2008FD4F009AEA30 /* Base */ = {isa = PBXFileReference; lastKnownFileType = file.storyboard; name = Base; path = Base.lproj/LaunchScreen.storyboard; sourceTree = "<group>"; };
		D2E7EBBE2008FD4F009AEA30 /* Info.plist */ = {isa = PBXFileReference; lastKnownFileType = text.plist.xml; path = Info.plist; sourceTree = "<group>"; };
		D2E7EBBF2008FD4F009AEA30 /* main.m */ = {isa = PBXFileReference; lastKnownFileType = sourcecode.c.objc; path = main.m; sourceTree = "<group>"; };
		D2E7EBCE20091717009AEA30 /* control */ = {isa = PBXFileReference; fileEncoding = 4; lastKnownFileType = text; path = control; sourceTree = "<group>"; };
		D2E7EBCF20091717009AEA30 /* Makefile */ = {isa = PBXFileReference; fileEncoding = 4; lastKnownFileType = sourcecode.make; path = Makefile; sourceTree = "<group>"; };
		D2E7EBD120091717009AEA30 /* videotweak.plist */ = {isa = PBXFileReference; lastKnownFileType = text.plist; path = videotweak.plist; sourceTree = "<group>"; };
		D2E7EBD720092A0D009AEA30 /* insert_dylib */ = {isa = PBXFileReference; lastKnownFileType = "compiled.mach-o.executable"; path = insert_dylib; sourceTree = "<group>"; };
		D2E7EBD820092A0D009AEA30 /* libsubstrate.dylib */ = {isa = PBXFileReference; lastKnownFileType = "compiled.mach-o.dylib"; path = libsubstrate.dylib; sourceTree = "<group>"; };
		D2E7EBD920092A0D009AEA30 /* videotweak.dylib */ = {isa = PBXFileReference; lastKnownFileType = "compiled.mach-o.dylib"; path = videotweak.dylib; sourceTree = "<group>"; };
		D2E7EBDB20092A0D009AEA30 /* Tweak.xm */ = {isa = PBXFileReference; fileEncoding = 4; lastKnownFileType = text; path = Tweak.xm; sourceTree = "<group>"; };
		D2E7EBE0200931BC009AEA30 /* VideoHeaders.h */ = {isa = PBXFileReference; lastKnownFileType = sourcecode.c.h; path = VideoHeaders.h; sourceTree = "<group>"; };
		D2E7EBE120093E75009AEA30 /* CaptainHook.h */ = {isa = PBXFileReference; fileEncoding = 4; lastKnownFileType = sourcecode.c.h; path = CaptainHook.h; sourceTree = "<group>"; };
		D2E7EBE8200942E2009AEA30 /* UIViewController+XYHookExtend.h */ = {isa = PBXFileReference; lastKnownFileType = sourcecode.c.h; path = "UIViewController+XYHookExtend.h"; sourceTree = "<group>"; };
		D2E7EBE9200942E2009AEA30 /* UIViewController+XYHookExtend.m */ = {isa = PBXFileReference; lastKnownFileType = sourcecode.c.objc; path = "UIViewController+XYHookExtend.m"; sourceTree = "<group>"; };
		D2E7EBEB20094403009AEA30 /* ExampleObj.h */ = {isa = PBXFileReference; lastKnownFileType = sourcecode.c.h; path = ExampleObj.h; sourceTree = "<group>"; };
		D2E7EBEC20094403009AEA30 /* ExampleObj.m */ = {isa = PBXFileReference; lastKnownFileType = sourcecode.c.objc; path = ExampleObj.m; sourceTree = "<group>"; };
/* End PBXFileReference section */

/* Begin PBXFrameworksBuildPhase section */
		D2E7EB8A2008E468009AEA30 /* Frameworks */ = {
			isa = PBXFrameworksBuildPhase;
			buildActionMask = 2147483647;
			files = (
			);
			runOnlyForDeploymentPostprocessing = 0;
		};
		D2E7EBAB2008FD4F009AEA30 /* Frameworks */ = {
			isa = PBXFrameworksBuildPhase;
			buildActionMask = 2147483647;
			files = (
				D2E7EBDD20092A0D009AEA30 /* libsubstrate.dylib in Frameworks */,
				D2E7EBDE20092A0D009AEA30 /* videotweak.dylib in Frameworks */,
			);
			runOnlyForDeploymentPostprocessing = 0;
		};
/* End PBXFrameworksBuildPhase section */

/* Begin PBXGroup section */
		D2E7EB842008E468009AEA30 = {
			isa = PBXGroup;
			children = (
				D2E7EB8F2008E468009AEA30 /* Video */,
				D2E7EBAF2008FD4F009AEA30 /* VideoTweak */,
				D2E7EB8E2008E468009AEA30 /* Products */,
			);
			sourceTree = "<group>";
		};
		D2E7EB8E2008E468009AEA30 /* Products */ = {
			isa = PBXGroup;
			children = (
				D2E7EB8D2008E468009AEA30 /* Video.app */,
				D2E7EBAE2008FD4F009AEA30 /* VideoTweak.app */,
			);
			name = Products;
			sourceTree = "<group>";
		};
		D2E7EB8F2008E468009AEA30 /* Video */ = {
			isa = PBXGroup;
			children = (
				D2E7EB902008E468009AEA30 /* ExampleAppDelegate.h */,
				D2E7EB912008E468009AEA30 /* ExampleAppDelegate.m */,
				D2E7EB932008E468009AEA30 /* ViewController.h */,
				D2E7EB942008E468009AEA30 /* ViewController.m */,
				D2E7EBA72008F1D6009AEA30 /* UILabel+XYExtend.h */,
				D2E7EBA82008F1D6009AEA30 /* UILabel+XYExtend.m */,
				D2E7EB962008E468009AEA30 /* Main.storyboard */,
				D2E7EB992008E468009AEA30 /* Assets.xcassets */,
				D2E7EB9B2008E468009AEA30 /* LaunchScreen.storyboard */,
				D2E7EB9E2008E468009AEA30 /* Info.plist */,
				D2E7EB9F2008E468009AEA30 /* main.m */,
			);
			path = Video;
			sourceTree = "<group>";
		};
		D2E7EBAF2008FD4F009AEA30 /* VideoTweak */ = {
			isa = PBXGroup;
			children = (
				D2E7EBCD20091717009AEA30 /* videotweak */,
				D2E7EBB02008FD4F009AEA30 /* XYAppDelegate.h */,
				D2E7EBB12008FD4F009AEA30 /* XYAppDelegate.m */,
				D2E7EBB32008FD4F009AEA30 /* ViewController.h */,
				D2E7EBB42008FD4F009AEA30 /* ViewController.m */,
				D2E7EBB62008FD4F009AEA30 /* Main.storyboard */,
				D2E7EBB92008FD4F009AEA30 /* Assets.xcassets */,
				D2E7EBBB2008FD4F009AEA30 /* LaunchScreen.storyboard */,
				D2E7EBBE2008FD4F009AEA30 /* Info.plist */,
				D2E7EBBF2008FD4F009AEA30 /* main.m */,
			);
			path = VideoTweak;
			sourceTree = "<group>";
		};
		D2E7EBCD20091717009AEA30 /* videotweak */ = {
			isa = PBXGroup;
			children = (
				D2E7EBD620092A0D009AEA30 /* dylib */,
				D2E7EBDA20092A0D009AEA30 /* src */,
				D2E7EBCE20091717009AEA30 /* control */,
				D2E7EBCF20091717009AEA30 /* Makefile */,
				D2E7EBD120091717009AEA30 /* videotweak.plist */,
			);
			path = videotweak;
			sourceTree = "<group>";
		};
		D2E7EBD620092A0D009AEA30 /* dylib */ = {
			isa = PBXGroup;
			children = (
				D2E7EBD720092A0D009AEA30 /* insert_dylib */,
				D2E7EBD820092A0D009AEA30 /* libsubstrate.dylib */,
				D2E7EBD920092A0D009AEA30 /* videotweak.dylib */,
			);
			path = dylib;
			sourceTree = "<group>";
		};
		D2E7EBDA20092A0D009AEA30 /* src */ = {
			isa = PBXGroup;
			children = (
				D2E7EBE120093E75009AEA30 /* CaptainHook.h */,
				D2E7EBDB20092A0D009AEA30 /* Tweak.xm */,
				D2E7EBE0200931BC009AEA30 /* VideoHeaders.h */,
				D2E7EBE8200942E2009AEA30 /* UIViewController+XYHookExtend.h */,
				D2E7EBE9200942E2009AEA30 /* UIViewController+XYHookExtend.m */,
				D2E7EBEB20094403009AEA30 /* ExampleObj.h */,
				D2E7EBEC20094403009AEA30 /* ExampleObj.m */,
			);
			path = src;
			sourceTree = "<group>";
		};
/* End PBXGroup section */

/* Begin PBXNativeTarget section */
		D2E7EB8C2008E468009AEA30 /* Video */ = {
			isa = PBXNativeTarget;
			buildConfigurationList = D2E7EBA32008E468009AEA30 /* Build configuration list for PBXNativeTarget "Video" */;
			buildPhases = (
				D2E7EB892008E468009AEA30 /* Sources */,
				D2E7EB8A2008E468009AEA30 /* Frameworks */,
				D2E7EB8B2008E468009AEA30 /* Resources */,
				D2E7EBA62008E493009AEA30 /* ShellScript */,
			);
			buildRules = (
			);
			dependencies = (
			);
			name = Video;
			productName = Video;
			productReference = D2E7EB8D2008E468009AEA30 /* Video.app */;
			productType = "com.apple.product-type.application";
		};
		D2E7EBAD2008FD4F009AEA30 /* VideoTweak */ = {
			isa = PBXNativeTarget;
			buildConfigurationList = D2E7EBC12008FD4F009AEA30 /* Build configuration list for PBXNativeTarget "VideoTweak" */;
			buildPhases = (
				D2E7EBAA2008FD4F009AEA30 /* Sources */,
				D2E7EBAB2008FD4F009AEA30 /* Frameworks */,
				D2E7EBAC2008FD4F009AEA30 /* Resources */,
			);
			buildRules = (
			);
			dependencies = (
			);
			name = VideoTweak;
			productName = VideoTweak;
			productReference = D2E7EBAE2008FD4F009AEA30 /* VideoTweak.app */;
			productType = "com.apple.product-type.application";
		};
/* End PBXNativeTarget section */

/* Begin PBXProject section */
		D2E7EB852008E468009AEA30 /* Project object */ = {
			isa = PBXProject;
			attributes = {
				LastUpgradeCheck = 0920;
				ORGANIZATIONNAME = alpface;
				TargetAttributes = {
					D2E7EB8C2008E468009AEA30 = {
						CreatedOnToolsVersion = 9.2;
						ProvisioningStyle = Automatic;
					};
					D2E7EBAD2008FD4F009AEA30 = {
						CreatedOnToolsVersion = 9.2;
						ProvisioningStyle = Automatic;
					};
				};
			};
			buildConfigurationList = D2E7EB882008E468009AEA30 /* Build configuration list for PBXProject "Video" */;
			compatibilityVersion = "Xcode 8.0";
			developmentRegion = en;
			hasScannedForEncodings = 0;
			knownRegions = (
				en,
				Base,
			);
			mainGroup = D2E7EB842008E468009AEA30;
			productRefGroup = D2E7EB8E2008E468009AEA30 /* Products */;
			projectDirPath = "";
			projectRoot = "";
			targets = (
				D2E7EB8C2008E468009AEA30 /* Video */,
				D2E7EBAD2008FD4F009AEA30 /* VideoTweak */,
			);
		};
/* End PBXProject section */

/* Begin PBXResourcesBuildPhase section */
		D2E7EB8B2008E468009AEA30 /* Resources */ = {
			isa = PBXResourcesBuildPhase;
			buildActionMask = 2147483647;
			files = (
				D2E7EB9D2008E468009AEA30 /* LaunchScreen.storyboard in Resources */,
				D2E7EB9A2008E468009AEA30 /* Assets.xcassets in Resources */,
				D2E7EB982008E468009AEA30 /* Main.storyboard in Resources */,
			);
			runOnlyForDeploymentPostprocessing = 0;
		};
		D2E7EBAC2008FD4F009AEA30 /* Resources */ = {
			isa = PBXResourcesBuildPhase;
			buildActionMask = 2147483647;
			files = (
				D2E7EBDF20092A0D009AEA30 /* Tweak.xm in Resources */,
				D2E7EBDC20092A0D009AEA30 /* insert_dylib in Resources */,
				D2E7EBD220091717009AEA30 /* control in Resources */,
				D2E7EBD520091717009AEA30 /* videotweak.plist in Resources */,
				D2E7EBBD2008FD4F009AEA30 /* LaunchScreen.storyboard in Resources */,
				D2E7EBBA2008FD4F009AEA30 /* Assets.xcassets in Resources */,
				D2E7EBB82008FD4F009AEA30 /* Main.storyboard in Resources */,
			);
			runOnlyForDeploymentPostprocessing = 0;
		};
/* End PBXResourcesBuildPhase section */

/* Begin PBXShellScriptBuildPhase section */
		D2E7EBA62008E493009AEA30 /* ShellScript */ = {
			isa = PBXShellScriptBuildPhase;
			buildActionMask = 2147483647;
			files = (
			);
			inputPaths = (
			);
			outputPaths = (
			);
			runOnlyForDeploymentPostprocessing = 0;
			shellPath = /bin/sh;
			shellScript = "cp -rf /Users/swae/Desktop/work/Tweak/xiguavideo/new/Payload/Video.app ~/Library/Developer/Xcode/DerivedData/Video-ccmvyaieotmhkvbpiuykxqzhqluw/Build/Products/Debug-iphoneos/";
		};
/* End PBXShellScriptBuildPhase section */

/* Begin PBXSourcesBuildPhase section */
		D2E7EB892008E468009AEA30 /* Sources */ = {
			isa = PBXSourcesBuildPhase;
			buildActionMask = 2147483647;
			files = (
				D2E7EB952008E468009AEA30 /* ViewController.m in Sources */,
				D2E7EBA02008E468009AEA30 /* main.m in Sources */,
				D2E7EB922008E468009AEA30 /* ExampleAppDelegate.m in Sources */,
				D2E7EBA92008F1D6009AEA30 /* UILabel+XYExtend.m in Sources */,
			);
			runOnlyForDeploymentPostprocessing = 0;
		};
		D2E7EBAA2008FD4F009AEA30 /* Sources */ = {
			isa = PBXSourcesBuildPhase;
			buildActionMask = 2147483647;
			files = (
				D2E7EBB52008FD4F009AEA30 /* ViewController.m in Sources */,
				D2E7EBC02008FD4F009AEA30 /* main.m in Sources */,
				D2E7EBEA200942E2009AEA30 /* UIViewController+XYHookExtend.m in Sources */,
				D2E7EBED20094403009AEA30 /* ExampleObj.m in Sources */,
				D2E7EBD320091717009AEA30 /* Makefile in Sources */,
				D2E7EBB22008FD4F009AEA30 /* XYAppDelegate.m in Sources */,
			);
			runOnlyForDeploymentPostprocessing = 0;
		};
/* End PBXSourcesBuildPhase section */

/* Begin PBXVariantGroup section */
		D2E7EB962008E468009AEA30 /* Main.storyboard */ = {
			isa = PBXVariantGroup;
			children = (
				D2E7EB972008E468009AEA30 /* Base */,
			);
			name = Main.storyboard;
			sourceTree = "<group>";
		};
		D2E7EB9B2008E468009AEA30 /* LaunchScreen.storyboard */ = {
			isa = PBXVariantGroup;
			children = (
				D2E7EB9C2008E468009AEA30 /* Base */,
			);
			name = LaunchScreen.storyboard;
			sourceTree = "<group>";
		};
		D2E7EBB62008FD4F009AEA30 /* Main.storyboard */ = {
			isa = PBXVariantGroup;
			children = (
				D2E7EBB72008FD4F009AEA30 /* Base */,
			);
			name = Main.storyboard;
			sourceTree = "<group>";
		};
		D2E7EBBB2008FD4F009AEA30 /* LaunchScreen.storyboard */ = {
			isa = PBXVariantGroup;
			children = (
				D2E7EBBC2008FD4F009AEA30 /* Base */,
			);
			name = LaunchScreen.storyboard;
			sourceTree = "<group>";
		};
/* End PBXVariantGroup section */

/* Begin XCBuildConfiguration section */
		D2E7EBA12008E468009AEA30 /* Debug */ = {
			isa = XCBuildConfiguration;
			buildSettings = {
				ALWAYS_SEARCH_USER_PATHS = NO;
				CLANG_ANALYZER_NONNULL = YES;
				CLANG_ANALYZER_NUMBER_OBJECT_CONVERSION = YES_AGGRESSIVE;
				CLANG_CXX_LANGUAGE_STANDARD = "gnu++14";
				CLANG_CXX_LIBRARY = "libc++";
				CLANG_ENABLE_MODULES = YES;
				CLANG_ENABLE_OBJC_ARC = YES;
				CLANG_WARN_BLOCK_CAPTURE_AUTORELEASING = YES;
				CLANG_WARN_BOOL_CONVERSION = YES;
				CLANG_WARN_COMMA = YES;
				CLANG_WARN_CONSTANT_CONVERSION = YES;
				CLANG_WARN_DIRECT_OBJC_ISA_USAGE = YES_ERROR;
				CLANG_WARN_DOCUMENTATION_COMMENTS = YES;
				CLANG_WARN_EMPTY_BODY = YES;
				CLANG_WARN_ENUM_CONVERSION = YES;
				CLANG_WARN_INFINITE_RECURSION = YES;
				CLANG_WARN_INT_CONVERSION = YES;
				CLANG_WARN_NON_LITERAL_NULL_CONVERSION = YES;
				CLANG_WARN_OBJC_LITERAL_CONVERSION = YES;
				CLANG_WARN_OBJC_ROOT_CLASS = YES_ERROR;
				CLANG_WARN_RANGE_LOOP_ANALYSIS = YES;
				CLANG_WARN_STRICT_PROTOTYPES = YES;
				CLANG_WARN_SUSPICIOUS_MOVE = YES;
				CLANG_WARN_UNGUARDED_AVAILABILITY = YES_AGGRESSIVE;
				CLANG_WARN_UNREACHABLE_CODE = YES;
				CLANG_WARN__DUPLICATE_METHOD_MATCH = YES;
				CODE_SIGN_IDENTITY = "iPhone Developer";
				COPY_PHASE_STRIP = NO;
				DEBUG_INFORMATION_FORMAT = dwarf;
				ENABLE_STRICT_OBJC_MSGSEND = YES;
				ENABLE_TESTABILITY = YES;
				GCC_C_LANGUAGE_STANDARD = gnu11;
				GCC_DYNAMIC_NO_PIC = NO;
				GCC_NO_COMMON_BLOCKS = YES;
				GCC_OPTIMIZATION_LEVEL = 0;
				GCC_PREPROCESSOR_DEFINITIONS = (
					"DEBUG=1",
					"$(inherited)",
				);
				GCC_WARN_64_TO_32_BIT_CONVERSION = YES;
				GCC_WARN_ABOUT_RETURN_TYPE = YES_ERROR;
				GCC_WARN_UNDECLARED_SELECTOR = YES;
				GCC_WARN_UNINITIALIZED_AUTOS = YES_AGGRESSIVE;
				GCC_WARN_UNUSED_FUNCTION = YES;
				GCC_WARN_UNUSED_VARIABLE = YES;
				IPHONEOS_DEPLOYMENT_TARGET = 11.2;
				MTL_ENABLE_DEBUG_INFO = YES;
				ONLY_ACTIVE_ARCH = YES;
				SDKROOT = iphoneos;
			};
			name = Debug;
		};
		D2E7EBA22008E468009AEA30 /* Release */ = {
			isa = XCBuildConfiguration;
			buildSettings = {
				ALWAYS_SEARCH_USER_PATHS = NO;
				CLANG_ANALYZER_NONNULL = YES;
				CLANG_ANALYZER_NUMBER_OBJECT_CONVERSION = YES_AGGRESSIVE;
				CLANG_CXX_LANGUAGE_STANDARD = "gnu++14";
				CLANG_CXX_LIBRARY = "libc++";
				CLANG_ENABLE_MODULES = YES;
				CLANG_ENABLE_OBJC_ARC = YES;
				CLANG_WARN_BLOCK_CAPTURE_AUTORELEASING = YES;
				CLANG_WARN_BOOL_CONVERSION = YES;
				CLANG_WARN_COMMA = YES;
				CLANG_WARN_CONSTANT_CONVERSION = YES;
				CLANG_WARN_DIRECT_OBJC_ISA_USAGE = YES_ERROR;
				CLANG_WARN_DOCUMENTATION_COMMENTS = YES;
				CLANG_WARN_EMPTY_BODY = YES;
				CLANG_WARN_ENUM_CONVERSION = YES;
				CLANG_WARN_INFINITE_RECURSION = YES;
				CLANG_WARN_INT_CONVERSION = YES;
				CLANG_WARN_NON_LITERAL_NULL_CONVERSION = YES;
				CLANG_WARN_OBJC_LITERAL_CONVERSION = YES;
				CLANG_WARN_OBJC_ROOT_CLASS = YES_ERROR;
				CLANG_WARN_RANGE_LOOP_ANALYSIS = YES;
				CLANG_WARN_STRICT_PROTOTYPES = YES;
				CLANG_WARN_SUSPICIOUS_MOVE = YES;
				CLANG_WARN_UNGUARDED_AVAILABILITY = YES_AGGRESSIVE;
				CLANG_WARN_UNREACHABLE_CODE = YES;
				CLANG_WARN__DUPLICATE_METHOD_MATCH = YES;
				CODE_SIGN_IDENTITY = "iPhone Developer";
				COPY_PHASE_STRIP = NO;
				DEBUG_INFORMATION_FORMAT = "dwarf-with-dsym";
				ENABLE_NS_ASSERTIONS = NO;
				ENABLE_STRICT_OBJC_MSGSEND = YES;
				GCC_C_LANGUAGE_STANDARD = gnu11;
				GCC_NO_COMMON_BLOCKS = YES;
				GCC_WARN_64_TO_32_BIT_CONVERSION = YES;
				GCC_WARN_ABOUT_RETURN_TYPE = YES_ERROR;
				GCC_WARN_UNDECLARED_SELECTOR = YES;
				GCC_WARN_UNINITIALIZED_AUTOS = YES_AGGRESSIVE;
				GCC_WARN_UNUSED_FUNCTION = YES;
				GCC_WARN_UNUSED_VARIABLE = YES;
				IPHONEOS_DEPLOYMENT_TARGET = 11.2;
				MTL_ENABLE_DEBUG_INFO = NO;
				SDKROOT = iphoneos;
				VALIDATE_PRODUCT = YES;
			};
			name = Release;
		};
		D2E7EBA42008E468009AEA30 /* Debug */ = {
			isa = XCBuildConfiguration;
			buildSettings = {
				ASSETCATALOG_COMPILER_APPICON_NAME = AppIcon;
				CODE_SIGN_STYLE = Automatic;
				DEVELOPMENT_TEAM = NKW67GFDHM;
				INFOPLIST_FILE = Video/Info.plist;
				IPHONEOS_DEPLOYMENT_TARGET = 8.0;
				LD_RUNPATH_SEARCH_PATHS = "$(inherited) @executable_path/Frameworks";
				PRODUCT_BUNDLE_IDENTIFIER = com.alpface.Hydro;
				PRODUCT_NAME = "$(TARGET_NAME)";
				TARGETED_DEVICE_FAMILY = "1,2";
			};
			name = Debug;
		};
		D2E7EBA52008E468009AEA30 /* Release */ = {
			isa = XCBuildConfiguration;
			buildSettings = {
				ASSETCATALOG_COMPILER_APPICON_NAME = AppIcon;
				CODE_SIGN_STYLE = Automatic;
				DEVELOPMENT_TEAM = NKW67GFDHM;
				INFOPLIST_FILE = Video/Info.plist;
				IPHONEOS_DEPLOYMENT_TARGET = 8.0;
				LD_RUNPATH_SEARCH_PATHS = "$(inherited) @executable_path/Frameworks";
				PRODUCT_BUNDLE_IDENTIFIER = com.alpface.Hydro;
				PRODUCT_NAME = "$(TARGET_NAME)";
				TARGETED_DEVICE_FAMILY = "1,2";
			};
			name = Release;
		};
		D2E7EBC22008FD4F009AEA30 /* Debug */ = {
			isa = XCBuildConfiguration;
			buildSettings = {
				ASSETCATALOG_COMPILER_APPICON_NAME = AppIcon;
				CODE_SIGN_STYLE = Automatic;
				DEVELOPMENT_TEAM = NKW67GFDHM;
				INFOPLIST_FILE = VideoTweak/Info.plist;
				LD_RUNPATH_SEARCH_PATHS = "$(inherited) @executable_path/Frameworks";
				LIBRARY_SEARCH_PATHS = (
					"$(inherited)",
					"$(PROJECT_DIR)/VideoTweak/videotweak/dylib",
				);
				PRODUCT_BUNDLE_IDENTIFIER = com.alpface.VideoTweak;
				PRODUCT_NAME = "$(TARGET_NAME)";
				TARGETED_DEVICE_FAMILY = "1,2";
			};
			name = Debug;
		};
		D2E7EBC32008FD4F009AEA30 /* Release */ = {
			isa = XCBuildConfiguration;
			buildSettings = {
				ASSETCATALOG_COMPILER_APPICON_NAME = AppIcon;
				CODE_SIGN_STYLE = Automatic;
				DEVELOPMENT_TEAM = NKW67GFDHM;
				INFOPLIST_FILE = VideoTweak/Info.plist;
				LD_RUNPATH_SEARCH_PATHS = "$(inherited) @executable_path/Frameworks";
				LIBRARY_SEARCH_PATHS = (
					"$(inherited)",
					"$(PROJECT_DIR)/VideoTweak/videotweak/dylib",
				);
				PRODUCT_BUNDLE_IDENTIFIER = com.alpface.VideoTweak;
				PRODUCT_NAME = "$(TARGET_NAME)";
				TARGETED_DEVICE_FAMILY = "1,2";
			};
			name = Release;
		};
/* End XCBuildConfiguration section */

/* Begin XCConfigurationList section */
		D2E7EB882008E468009AEA30 /* Build configuration list for PBXProject "Video" */ = {
			isa = XCConfigurationList;
			buildConfigurations = (
				D2E7EBA12008E468009AEA30 /* Debug */,
				D2E7EBA22008E468009AEA30 /* Release */,
			);
			defaultConfigurationIsVisible = 0;
			defaultConfigurationName = Release;
		};
		D2E7EBA32008E468009AEA30 /* Build configuration list for PBXNativeTarget "Video" */ = {
			isa = XCConfigurationList;
			buildConfigurations = (
				D2E7EBA42008E468009AEA30 /* Debug */,
				D2E7EBA52008E468009AEA30 /* Release */,
			);
			defaultConfigurationIsVisible = 0;
			defaultConfigurationName = Release;
		};
		D2E7EBC12008FD4F009AEA30 /* Build configuration list for PBXNativeTarget "VideoTweak" */ = {
			isa = XCConfigurationList;
			buildConfigurations = (
				D2E7EBC22008FD4F009AEA30 /* Debug */,
				D2E7EBC32008FD4F009AEA30 /* Release */,
			);
			defaultConfigurationIsVisible = 0;
			defaultConfigurationName = Release;
		};
/* End XCConfigurationList section */
	};
	rootObject = D2E7EB852008E468009AEA30 /* Project object */;
}
