// !$*UTF8*$!
{
	archiveVersion = 1;
	classes = {
	};
	objectVersion = 48;
	objects = {

/* Begin PBXBuildFile section */
		D2773B0B200A058B0078A2A3 /* Aspects.m in Sources */ = {isa = PBXBuildFile; fileRef = D2773B0A200A058B0078A2A3 /* Aspects.m */; };
		D2773B0E200A0A5A0078A2A3 /* AutoTimer.m in Sources */ = {isa = PBXBuildFile; fileRef = D2773B0C200A0A590078A2A3 /* AutoTimer.m */; };
		D2773B18200AF6C50078A2A3 /* XYSuspensionWebView.m in Sources */ = {isa = PBXBuildFile; fileRef = D2773B17200AF6C50078A2A3 /* XYSuspensionWebView.m */; };
		D2773B1B200AFAC70078A2A3 /* UIWebView+XYBlocks.m in Sources */ = {isa = PBXBuildFile; fileRef = D2773B1A200AFAC70078A2A3 /* UIWebView+XYBlocks.m */; };
		D2A1787F200B189000331692 /* XYDummyView.m in Sources */ = {isa = PBXBuildFile; fileRef = D2A1787D200B188F00331692 /* XYDummyView.m */; };
		D2A17882200B282500331692 /* XYQuestionAnswerManager.m in Sources */ = {isa = PBXBuildFile; fileRef = D2A17881200B282500331692 /* XYQuestionAnswerManager.m */; };
		D2A17884200B31AE00331692 /* README.md in Resources */ = {isa = PBXBuildFile; fileRef = D2A17883200B31AE00331692 /* README.md */; };
		D2A17886200B34A300331692 /* img1.png in Resources */ = {isa = PBXBuildFile; fileRef = D2A17885200B34A200331692 /* img1.png */; };
		D2A178A2200B6CBC00331692 /* AppDelegate.swift in Sources */ = {isa = PBXBuildFile; fileRef = D2A178A1200B6CBC00331692 /* AppDelegate.swift */; };
		D2A178A4200B6CBC00331692 /* ViewController.swift in Sources */ = {isa = PBXBuildFile; fileRef = D2A178A3200B6CBC00331692 /* ViewController.swift */; };
		D2A178A6200B6CBC00331692 /* Assets.xcassets in Resources */ = {isa = PBXBuildFile; fileRef = D2A178A5200B6CBC00331692 /* Assets.xcassets */; };
		D2A178A9200B6CBC00331692 /* Main.storyboard in Resources */ = {isa = PBXBuildFile; fileRef = D2A178A7200B6CBC00331692 /* Main.storyboard */; };
		D2A178D7200CF55100331692 /* alpface.bundle in Resources */ = {isa = PBXBuildFile; fileRef = D2A178D6200CF55000331692 /* alpface.bundle */; };
		D2A178DA200CFA8100331692 /* XYQuestionAnswerHook.m in Sources */ = {isa = PBXBuildFile; fileRef = D2A178D9200CFA8100331692 /* XYQuestionAnswerHook.m */; };
		D2A178DC200CFE2600331692 /* IMG_0863.PNG in Resources */ = {isa = PBXBuildFile; fileRef = D2A178DB200CFE2600331692 /* IMG_0863.PNG */; };
		D2A178DE200CFF7400331692 /* 2018-01-15 23_25_24.gif in Resources */ = {isa = PBXBuildFile; fileRef = D2A178DD200CFF7400331692 /* 2018-01-15 23_25_24.gif */; };
		D2A7D97E2009AD4A00E973E9 /* VideoTweakLib.m in Sources */ = {isa = PBXBuildFile; fileRef = D2A7D97D2009AD4A00E973E9 /* VideoTweakLib.m */; };
		D2A7D9812009B90400E973E9 /* MBProgressHUD.m in Sources */ = {isa = PBXBuildFile; fileRef = D2A7D97F2009B90400E973E9 /* MBProgressHUD.m */; };
		D2A7D9842009B9DE00E973E9 /* MBProgressHUD+XYHUD.m in Sources */ = {isa = PBXBuildFile; fileRef = D2A7D9832009B9DE00E973E9 /* MBProgressHUD+XYHUD.m */; };
		D2A7D9872009BA0F00E973E9 /* UIViewController+XYExtensions.m in Sources */ = {isa = PBXBuildFile; fileRef = D2A7D9862009BA0E00E973E9 /* UIViewController+XYExtensions.m */; };
		D2A7D98A2009BC8600E973E9 /* ExceptionUtils.m in Sources */ = {isa = PBXBuildFile; fileRef = D2A7D9892009BC8600E973E9 /* ExceptionUtils.m */; };
		D2A7D9952009BD4000E973E9 /* DirectoryWatcher.m in Sources */ = {isa = PBXBuildFile; fileRef = D2A7D98D2009BD3E00E973E9 /* DirectoryWatcher.m */; };
		D2A7D9962009BD4000E973E9 /* NSString+FileExtend.m in Sources */ = {isa = PBXBuildFile; fileRef = D2A7D9902009BD3F00E973E9 /* NSString+FileExtend.m */; };
		D2A7D9972009BD4000E973E9 /* FoldersViewController.m in Sources */ = {isa = PBXBuildFile; fileRef = D2A7D9922009BD3F00E973E9 /* FoldersViewController.m */; };
		D2A7D9982009BD4000E973E9 /* XYSuspensionMenu.m in Sources */ = {isa = PBXBuildFile; fileRef = D2A7D9932009BD3F00E973E9 /* XYSuspensionMenu.m */; };
		D2A7D9992009BD4000E973E9 /* XYConsoleView.m in Sources */ = {isa = PBXBuildFile; fileRef = D2A7D9942009BD3F00E973E9 /* XYConsoleView.m */; };
		D2A7D99C2009C16700E973E9 /* OSFileManager.m in Sources */ = {isa = PBXBuildFile; fileRef = D2A7D99B2009C16700E973E9 /* OSFileManager.m */; };
		D2A7D99F2009D74600E973E9 /* RuntimeInvoker.m in Sources */ = {isa = PBXBuildFile; fileRef = D2A7D99E2009D74600E973E9 /* RuntimeInvoker.m */; };
		D2E7EB922008E468009AEA30 /* ExampleAppDelegate.m in Sources */ = {isa = PBXBuildFile; fileRef = D2E7EB912008E468009AEA30 /* ExampleAppDelegate.m */; };
		D2E7EB952008E468009AEA30 /* ViewController.m in Sources */ = {isa = PBXBuildFile; fileRef = D2E7EB942008E468009AEA30 /* ViewController.m */; };
		D2E7EB982008E468009AEA30 /* Main.storyboard in Resources */ = {isa = PBXBuildFile; fileRef = D2E7EB962008E468009AEA30 /* Main.storyboard */; };
		D2E7EB9A2008E468009AEA30 /* Assets.xcassets in Resources */ = {isa = PBXBuildFile; fileRef = D2E7EB992008E468009AEA30 /* Assets.xcassets */; };
		D2E7EB9D2008E468009AEA30 /* LaunchScreen.storyboard in Resources */ = {isa = PBXBuildFile; fileRef = D2E7EB9B2008E468009AEA30 /* LaunchScreen.storyboard */; };
		D2E7EBA02008E468009AEA30 /* main.m in Sources */ = {isa = PBXBuildFile; fileRef = D2E7EB9F2008E468009AEA30 /* main.m */; };
		D2E7EBB22008FD4F009AEA30 /* XYAppDelegate.m in Sources */ = {isa = PBXBuildFile; fileRef = D2E7EBB12008FD4F009AEA30 /* XYAppDelegate.m */; };
		D2E7EBB52008FD4F009AEA30 /* ViewController.m in Sources */ = {isa = PBXBuildFile; fileRef = D2E7EBB42008FD4F009AEA30 /* ViewController.m */; };
		D2E7EBB82008FD4F009AEA30 /* Main.storyboard in Resources */ = {isa = PBXBuildFile; fileRef = D2E7EBB62008FD4F009AEA30 /* Main.storyboard */; };
		D2E7EBBA2008FD4F009AEA30 /* Assets.xcassets in Resources */ = {isa = PBXBuildFile; fileRef = D2E7EBB92008FD4F009AEA30 /* Assets.xcassets */; };
		D2E7EBBD2008FD4F009AEA30 /* LaunchScreen.storyboard in Resources */ = {isa = PBXBuildFile; fileRef = D2E7EBBB2008FD4F009AEA30 /* LaunchScreen.storyboard */; };
		D2E7EBC02008FD4F009AEA30 /* main.m in Sources */ = {isa = PBXBuildFile; fileRef = D2E7EBBF2008FD4F009AEA30 /* main.m */; };
		D2E7EBD220091717009AEA30 /* control in Resources */ = {isa = PBXBuildFile; fileRef = D2E7EBCE20091717009AEA30 /* control */; };
		D2E7EBD320091717009AEA30 /* Makefile in Sources */ = {isa = PBXBuildFile; fileRef = D2E7EBCF20091717009AEA30 /* Makefile */; };
		D2E7EBD520091717009AEA30 /* videotweak.plist in Resources */ = {isa = PBXBuildFile; fileRef = D2E7EBD120091717009AEA30 /* videotweak.plist */; };
		D2E7EBDC20092A0D009AEA30 /* insert_dylib in Resources */ = {isa = PBXBuildFile; fileRef = D2E7EBD720092A0D009AEA30 /* insert_dylib */; };
		D2E7EBDD20092A0D009AEA30 /* libsubstrate.dylib in Frameworks */ = {isa = PBXBuildFile; fileRef = D2E7EBD820092A0D009AEA30 /* libsubstrate.dylib */; };
		D2E7EBDE20092A0D009AEA30 /* videotweak.dylib in Frameworks */ = {isa = PBXBuildFile; fileRef = D2E7EBD920092A0D009AEA30 /* videotweak.dylib */; };
		D2E7EBDF20092A0D009AEA30 /* Tweak.xm in Resources */ = {isa = PBXBuildFile; fileRef = D2E7EBDB20092A0D009AEA30 /* Tweak.xm */; };
/* End PBXBuildFile section */

/* Begin PBXFileReference section */
		D0B764AE200DF0D200DDF93B /* XYVideoConst.h */ = {isa = PBXFileReference; lastKnownFileType = sourcecode.c.h; path = XYVideoConst.h; sourceTree = "<group>"; };
		D2773B09200A058A0078A2A3 /* Aspects.h */ = {isa = PBXFileReference; fileEncoding = 4; lastKnownFileType = sourcecode.c.h; path = Aspects.h; sourceTree = "<group>"; };
		D2773B0A200A058B0078A2A3 /* Aspects.m */ = {isa = PBXFileReference; fileEncoding = 4; lastKnownFileType = sourcecode.c.objc; path = Aspects.m; sourceTree = "<group>"; };
		D2773B0C200A0A590078A2A3 /* AutoTimer.m */ = {isa = PBXFileReference; fileEncoding = 4; lastKnownFileType = sourcecode.c.objc; path = AutoTimer.m; sourceTree = "<group>"; };
		D2773B0D200A0A590078A2A3 /* AutoTimer.h */ = {isa = PBXFileReference; fileEncoding = 4; lastKnownFileType = sourcecode.c.h; path = AutoTimer.h; sourceTree = "<group>"; };
		D2773B16200AF6C50078A2A3 /* XYSuspensionWebView.h */ = {isa = PBXFileReference; lastKnownFileType = sourcecode.c.h; path = XYSuspensionWebView.h; sourceTree = "<group>"; };
		D2773B17200AF6C50078A2A3 /* XYSuspensionWebView.m */ = {isa = PBXFileReference; lastKnownFileType = sourcecode.c.objc; path = XYSuspensionWebView.m; sourceTree = "<group>"; };
		D2773B19200AFAC70078A2A3 /* UIWebView+XYBlocks.h */ = {isa = PBXFileReference; lastKnownFileType = sourcecode.c.h; path = "UIWebView+XYBlocks.h"; sourceTree = "<group>"; };
		D2773B1A200AFAC70078A2A3 /* UIWebView+XYBlocks.m */ = {isa = PBXFileReference; lastKnownFileType = sourcecode.c.objc; path = "UIWebView+XYBlocks.m"; sourceTree = "<group>"; };
		D2A1787D200B188F00331692 /* XYDummyView.m */ = {isa = PBXFileReference; fileEncoding = 4; lastKnownFileType = sourcecode.c.objc; path = XYDummyView.m; sourceTree = "<group>"; };
		D2A1787E200B189000331692 /* XYDummyView.h */ = {isa = PBXFileReference; fileEncoding = 4; lastKnownFileType = sourcecode.c.h; path = XYDummyView.h; sourceTree = "<group>"; };
		D2A17880200B282500331692 /* XYQuestionAnswerManager.h */ = {isa = PBXFileReference; lastKnownFileType = sourcecode.c.h; path = XYQuestionAnswerManager.h; sourceTree = "<group>"; };
		D2A17881200B282500331692 /* XYQuestionAnswerManager.m */ = {isa = PBXFileReference; lastKnownFileType = sourcecode.c.objc; path = XYQuestionAnswerManager.m; sourceTree = "<group>"; };
		D2A17883200B31AE00331692 /* README.md */ = {isa = PBXFileReference; fileEncoding = 4; lastKnownFileType = net.daringfireball.markdown; path = README.md; sourceTree = "<group>"; };
		D2A17885200B34A200331692 /* img1.png */ = {isa = PBXFileReference; lastKnownFileType = image.png; path = img1.png; sourceTree = "<group>"; };
		D2A1789F200B6CBC00331692 /* VideoMac.app */ = {isa = PBXFileReference; explicitFileType = wrapper.application; includeInIndex = 0; path = VideoMac.app; sourceTree = BUILT_PRODUCTS_DIR; };
		D2A178A1200B6CBC00331692 /* AppDelegate.swift */ = {isa = PBXFileReference; lastKnownFileType = sourcecode.swift; path = AppDelegate.swift; sourceTree = "<group>"; };
		D2A178A3200B6CBC00331692 /* ViewController.swift */ = {isa = PBXFileReference; lastKnownFileType = sourcecode.swift; path = ViewController.swift; sourceTree = "<group>"; };
		D2A178A5200B6CBC00331692 /* Assets.xcassets */ = {isa = PBXFileReference; lastKnownFileType = folder.assetcatalog; path = Assets.xcassets; sourceTree = "<group>"; };
		D2A178A8200B6CBC00331692 /* Base */ = {isa = PBXFileReference; lastKnownFileType = file.storyboard; name = Base; path = Base.lproj/Main.storyboard; sourceTree = "<group>"; };
		D2A178AA200B6CBC00331692 /* Info.plist */ = {isa = PBXFileReference; lastKnownFileType = text.plist.xml; path = Info.plist; sourceTree = "<group>"; };
		D2A178AB200B6CBC00331692 /* VideoMac.entitlements */ = {isa = PBXFileReference; lastKnownFileType = text.plist.entitlements; path = VideoMac.entitlements; sourceTree = "<group>"; };
		D2A178D6200CF55000331692 /* alpface.bundle */ = {isa = PBXFileReference; lastKnownFileType = "wrapper.plug-in"; path = alpface.bundle; sourceTree = "<group>"; };
		D2A178D8200CFA8100331692 /* XYQuestionAnswerHook.h */ = {isa = PBXFileReference; lastKnownFileType = sourcecode.c.h; path = XYQuestionAnswerHook.h; sourceTree = "<group>"; };
		D2A178D9200CFA8100331692 /* XYQuestionAnswerHook.m */ = {isa = PBXFileReference; lastKnownFileType = sourcecode.c.objc; path = XYQuestionAnswerHook.m; sourceTree = "<group>"; };
		D2A178DB200CFE2600331692 /* IMG_0863.PNG */ = {isa = PBXFileReference; lastKnownFileType = image.png; path = IMG_0863.PNG; sourceTree = "<group>"; };
		D2A178DD200CFF7400331692 /* 2018-01-15 23_25_24.gif */ = {isa = PBXFileReference; lastKnownFileType = image.gif; path = "2018-01-15 23_25_24.gif"; sourceTree = "<group>"; };
		D2A7D97C2009AD4A00E973E9 /* VideoTweakLib.h */ = {isa = PBXFileReference; lastKnownFileType = sourcecode.c.h; path = VideoTweakLib.h; sourceTree = "<group>"; };
		D2A7D97D2009AD4A00E973E9 /* VideoTweakLib.m */ = {isa = PBXFileReference; lastKnownFileType = sourcecode.c.objc; path = VideoTweakLib.m; sourceTree = "<group>"; };
		D2A7D97F2009B90400E973E9 /* MBProgressHUD.m */ = {isa = PBXFileReference; fileEncoding = 4; lastKnownFileType = sourcecode.c.objc; path = MBProgressHUD.m; sourceTree = "<group>"; };
		D2A7D9802009B90400E973E9 /* MBProgressHUD.h */ = {isa = PBXFileReference; fileEncoding = 4; lastKnownFileType = sourcecode.c.h; path = MBProgressHUD.h; sourceTree = "<group>"; };
		D2A7D9822009B9DE00E973E9 /* MBProgressHUD+XYHUD.h */ = {isa = PBXFileReference; fileEncoding = 4; lastKnownFileType = sourcecode.c.h; path = "MBProgressHUD+XYHUD.h"; sourceTree = "<group>"; };
		D2A7D9832009B9DE00E973E9 /* MBProgressHUD+XYHUD.m */ = {isa = PBXFileReference; fileEncoding = 4; lastKnownFileType = sourcecode.c.objc; path = "MBProgressHUD+XYHUD.m"; sourceTree = "<group>"; };
		D2A7D9852009BA0E00E973E9 /* UIViewController+XYExtensions.h */ = {isa = PBXFileReference; fileEncoding = 4; lastKnownFileType = sourcecode.c.h; path = "UIViewController+XYExtensions.h"; sourceTree = "<group>"; };
		D2A7D9862009BA0E00E973E9 /* UIViewController+XYExtensions.m */ = {isa = PBXFileReference; fileEncoding = 4; lastKnownFileType = sourcecode.c.objc; path = "UIViewController+XYExtensions.m"; sourceTree = "<group>"; };
		D2A7D9882009BC8600E973E9 /* ExceptionUtils.h */ = {isa = PBXFileReference; fileEncoding = 4; lastKnownFileType = sourcecode.c.h; path = ExceptionUtils.h; sourceTree = "<group>"; };
		D2A7D9892009BC8600E973E9 /* ExceptionUtils.m */ = {isa = PBXFileReference; fileEncoding = 4; lastKnownFileType = sourcecode.c.objc; path = ExceptionUtils.m; sourceTree = "<group>"; };
		D2A7D98B2009BD3E00E973E9 /* XYSuspensionMenu.h */ = {isa = PBXFileReference; fileEncoding = 4; lastKnownFileType = sourcecode.c.h; path = XYSuspensionMenu.h; sourceTree = "<group>"; };
		D2A7D98C2009BD3E00E973E9 /* DirectoryWatcher.h */ = {isa = PBXFileReference; fileEncoding = 4; lastKnownFileType = sourcecode.c.h; path = DirectoryWatcher.h; sourceTree = "<group>"; };
		D2A7D98D2009BD3E00E973E9 /* DirectoryWatcher.m */ = {isa = PBXFileReference; fileEncoding = 4; lastKnownFileType = sourcecode.c.objc; path = DirectoryWatcher.m; sourceTree = "<group>"; };
		D2A7D98E2009BD3F00E973E9 /* NSString+FileExtend.h */ = {isa = PBXFileReference; fileEncoding = 4; lastKnownFileType = sourcecode.c.h; path = "NSString+FileExtend.h"; sourceTree = "<group>"; };
		D2A7D98F2009BD3F00E973E9 /* XYConsoleView.h */ = {isa = PBXFileReference; fileEncoding = 4; lastKnownFileType = sourcecode.c.h; path = XYConsoleView.h; sourceTree = "<group>"; };
		D2A7D9902009BD3F00E973E9 /* NSString+FileExtend.m */ = {isa = PBXFileReference; fileEncoding = 4; lastKnownFileType = sourcecode.c.objc; path = "NSString+FileExtend.m"; sourceTree = "<group>"; };
		D2A7D9912009BD3F00E973E9 /* FoldersViewController.h */ = {isa = PBXFileReference; fileEncoding = 4; lastKnownFileType = sourcecode.c.h; path = FoldersViewController.h; sourceTree = "<group>"; };
		D2A7D9922009BD3F00E973E9 /* FoldersViewController.m */ = {isa = PBXFileReference; fileEncoding = 4; lastKnownFileType = sourcecode.c.objc; path = FoldersViewController.m; sourceTree = "<group>"; };
		D2A7D9932009BD3F00E973E9 /* XYSuspensionMenu.m */ = {isa = PBXFileReference; fileEncoding = 4; lastKnownFileType = sourcecode.c.objc; path = XYSuspensionMenu.m; sourceTree = "<group>"; };
		D2A7D9942009BD3F00E973E9 /* XYConsoleView.m */ = {isa = PBXFileReference; fileEncoding = 4; lastKnownFileType = sourcecode.c.objc; path = XYConsoleView.m; sourceTree = "<group>"; };
		D2A7D99A2009C16600E973E9 /* OSFileManager.h */ = {isa = PBXFileReference; fileEncoding = 4; lastKnownFileType = sourcecode.c.h; path = OSFileManager.h; sourceTree = "<group>"; };
		D2A7D99B2009C16700E973E9 /* OSFileManager.m */ = {isa = PBXFileReference; fileEncoding = 4; lastKnownFileType = sourcecode.c.objc; path = OSFileManager.m; sourceTree = "<group>"; };
		D2A7D99D2009D74600E973E9 /* RuntimeInvoker.h */ = {isa = PBXFileReference; fileEncoding = 4; lastKnownFileType = sourcecode.c.h; path = RuntimeInvoker.h; sourceTree = "<group>"; };
		D2A7D99E2009D74600E973E9 /* RuntimeInvoker.m */ = {isa = PBXFileReference; fileEncoding = 4; lastKnownFileType = sourcecode.c.objc; path = RuntimeInvoker.m; sourceTree = "<group>"; };
		D2E7EB8D2008E468009AEA30 /* Video.app */ = {isa = PBXFileReference; explicitFileType = wrapper.application; includeInIndex = 0; path = Video.app; sourceTree = BUILT_PRODUCTS_DIR; };
		D2E7EB902008E468009AEA30 /* ExampleAppDelegate.h */ = {isa = PBXFileReference; lastKnownFileType = sourcecode.c.h; path = ExampleAppDelegate.h; sourceTree = "<group>"; };
		D2E7EB912008E468009AEA30 /* ExampleAppDelegate.m */ = {isa = PBXFileReference; lastKnownFileType = sourcecode.c.objc; path = ExampleAppDelegate.m; sourceTree = "<group>"; };
		D2E7EB932008E468009AEA30 /* ViewController.h */ = {isa = PBXFileReference; lastKnownFileType = sourcecode.c.h; path = ViewController.h; sourceTree = "<group>"; };
		D2E7EB942008E468009AEA30 /* ViewController.m */ = {isa = PBXFileReference; lastKnownFileType = sourcecode.c.objc; path = ViewController.m; sourceTree = "<group>"; };
		D2E7EB972008E468009AEA30 /* Base */ = {isa = PBXFileReference; lastKnownFileType = file.storyboard; name = Base; path = Base.lproj/Main.storyboard; sourceTree = "<group>"; };
		D2E7EB992008E468009AEA30 /* Assets.xcassets */ = {isa = PBXFileReference; lastKnownFileType = folder.assetcatalog; path = Assets.xcassets; sourceTree = "<group>"; };
		D2E7EB9C2008E468009AEA30 /* Base */ = {isa = PBXFileReference; lastKnownFileType = file.storyboard; name = Base; path = Base.lproj/LaunchScreen.storyboard; sourceTree = "<group>"; };
		D2E7EB9E2008E468009AEA30 /* Info.plist */ = {isa = PBXFileReference; lastKnownFileType = text.plist.xml; path = Info.plist; sourceTree = "<group>"; };
		D2E7EB9F2008E468009AEA30 /* main.m */ = {isa = PBXFileReference; lastKnownFileType = sourcecode.c.objc; path = main.m; sourceTree = "<group>"; };
		D2E7EBAE2008FD4F009AEA30 /* VideoTweak.app */ = {isa = PBXFileReference; explicitFileType = wrapper.application; includeInIndex = 0; path = VideoTweak.app; sourceTree = BUILT_PRODUCTS_DIR; };
		D2E7EBB02008FD4F009AEA30 /* XYAppDelegate.h */ = {isa = PBXFileReference; lastKnownFileType = sourcecode.c.h; path = XYAppDelegate.h; sourceTree = "<group>"; };
		D2E7EBB12008FD4F009AEA30 /* XYAppDelegate.m */ = {isa = PBXFileReference; lastKnownFileType = sourcecode.c.objc; path = XYAppDelegate.m; sourceTree = "<group>"; };
		D2E7EBB32008FD4F009AEA30 /* ViewController.h */ = {isa = PBXFileReference; lastKnownFileType = sourcecode.c.h; path = ViewController.h; sourceTree = "<group>"; };
		D2E7EBB42008FD4F009AEA30 /* ViewController.m */ = {isa = PBXFileReference; lastKnownFileType = sourcecode.c.objc; path = ViewController.m; sourceTree = "<group>"; };
		D2E7EBB72008FD4F009AEA30 /* Base */ = {isa = PBXFileReference; lastKnownFileType = file.storyboard; name = Base; path = Base.lproj/Main.storyboard; sourceTree = "<group>"; };
		D2E7EBB92008FD4F009AEA30 /* Assets.xcassets */ = {isa = PBXFileReference; lastKnownFileType = folder.assetcatalog; path = Assets.xcassets; sourceTree = "<group>"; };
		D2E7EBBC2008FD4F009AEA30 /* Base */ = {isa = PBXFileReference; lastKnownFileType = file.storyboard; name = Base; path = Base.lproj/LaunchScreen.storyboard; sourceTree = "<group>"; };
		D2E7EBBE2008FD4F009AEA30 /* Info.plist */ = {isa = PBXFileReference; lastKnownFileType = text.plist.xml; path = Info.plist; sourceTree = "<group>"; };
		D2E7EBBF2008FD4F009AEA30 /* main.m */ = {isa = PBXFileReference; lastKnownFileType = sourcecode.c.objc; path = main.m; sourceTree = "<group>"; };
		D2E7EBCE20091717009AEA30 /* control */ = {isa = PBXFileReference; fileEncoding = 4; lastKnownFileType = text; path = control; sourceTree = "<group>"; };
		D2E7EBCF20091717009AEA30 /* Makefile */ = {isa = PBXFileReference; fileEncoding = 4; lastKnownFileType = sourcecode.make; path = Makefile; sourceTree = "<group>"; };
		D2E7EBD120091717009AEA30 /* videotweak.plist */ = {isa = PBXFileReference; lastKnownFileType = text.plist; path = videotweak.plist; sourceTree = "<group>"; };
		D2E7EBD720092A0D009AEA30 /* insert_dylib */ = {isa = PBXFileReference; lastKnownFileType = "compiled.mach-o.executable"; path = insert_dylib; sourceTree = "<group>"; };
		D2E7EBD820092A0D009AEA30 /* libsubstrate.dylib */ = {isa = PBXFileReference; lastKnownFileType = "compiled.mach-o.dylib"; path = libsubstrate.dylib; sourceTree = "<group>"; };
		D2E7EBD920092A0D009AEA30 /* videotweak.dylib */ = {isa = PBXFileReference; lastKnownFileType = "compiled.mach-o.dylib"; path = videotweak.dylib; sourceTree = "<group>"; };
		D2E7EBDB20092A0D009AEA30 /* Tweak.xm */ = {isa = PBXFileReference; fileEncoding = 4; lastKnownFileType = text; path = Tweak.xm; sourceTree = "<group>"; };
		D2E7EBE0200931BC009AEA30 /* VideoHeaders.h */ = {isa = PBXFileReference; lastKnownFileType = sourcecode.c.h; path = VideoHeaders.h; sourceTree = "<group>"; };
		D2E7EBE120093E75009AEA30 /* CaptainHook.h */ = {isa = PBXFileReference; fileEncoding = 4; lastKnownFileType = sourcecode.c.h; path = CaptainHook.h; sourceTree = "<group>"; };
/* End PBXFileReference section */

/* Begin PBXFrameworksBuildPhase section */
		D2A1789C200B6CBC00331692 /* Frameworks */ = {
			isa = PBXFrameworksBuildPhase;
			buildActionMask = 2147483647;
			files = (
			);
			runOnlyForDeploymentPostprocessing = 0;
		};
		D2E7EB8A2008E468009AEA30 /* Frameworks */ = {
			isa = PBXFrameworksBuildPhase;
			buildActionMask = 2147483647;
			files = (
			);
			runOnlyForDeploymentPostprocessing = 0;
		};
		D2E7EBAB2008FD4F009AEA30 /* Frameworks */ = {
			isa = PBXFrameworksBuildPhase;
			buildActionMask = 2147483647;
			files = (
				D2E7EBDD20092A0D009AEA30 /* libsubstrate.dylib in Frameworks */,
				D2E7EBDE20092A0D009AEA30 /* videotweak.dylib in Frameworks */,
			);
			runOnlyForDeploymentPostprocessing = 0;
		};
/* End PBXFrameworksBuildPhase section */

/* Begin PBXGroup section */
		D2A178A0200B6CBC00331692 /* VideoMac */ = {
			isa = PBXGroup;
			children = (
				D2A178A1200B6CBC00331692 /* AppDelegate.swift */,
				D2A178A3200B6CBC00331692 /* ViewController.swift */,
				D2A178A5200B6CBC00331692 /* Assets.xcassets */,
				D2A178A7200B6CBC00331692 /* Main.storyboard */,
				D2A178AA200B6CBC00331692 /* Info.plist */,
				D2A178AB200B6CBC00331692 /* VideoMac.entitlements */,
			);
			path = VideoMac;
			sourceTree = "<group>";
		};
		D2E7EB842008E468009AEA30 = {
			isa = PBXGroup;
			children = (
				D2A17883200B31AE00331692 /* README.md */,
				D2E7EB8F2008E468009AEA30 /* Video */,
				D2E7EBAF2008FD4F009AEA30 /* VideoTweak */,
				D2A178A0200B6CBC00331692 /* VideoMac */,
				D2E7EB8E2008E468009AEA30 /* Products */,
			);
			sourceTree = "<group>";
		};
		D2E7EB8E2008E468009AEA30 /* Products */ = {
			isa = PBXGroup;
			children = (
				D2E7EB8D2008E468009AEA30 /* Video.app */,
				D2E7EBAE2008FD4F009AEA30 /* VideoTweak.app */,
				D2A1789F200B6CBC00331692 /* VideoMac.app */,
			);
			name = Products;
			sourceTree = "<group>";
		};
		D2E7EB8F2008E468009AEA30 /* Video */ = {
			isa = PBXGroup;
			children = (
				D2E7EB902008E468009AEA30 /* ExampleAppDelegate.h */,
				D2E7EB912008E468009AEA30 /* ExampleAppDelegate.m */,
				D2E7EB932008E468009AEA30 /* ViewController.h */,
				D2E7EB942008E468009AEA30 /* ViewController.m */,
				D2E7EB962008E468009AEA30 /* Main.storyboard */,
				D2E7EB992008E468009AEA30 /* Assets.xcassets */,
				D2E7EB9B2008E468009AEA30 /* LaunchScreen.storyboard */,
				D2E7EB9E2008E468009AEA30 /* Info.plist */,
				D2E7EB9F2008E468009AEA30 /* main.m */,
				D2A17885200B34A200331692 /* img1.png */,
				D2A178DB200CFE2600331692 /* IMG_0863.PNG */,
				D2A178DD200CFF7400331692 /* 2018-01-15 23_25_24.gif */,
			);
			path = Video;
			sourceTree = "<group>";
		};
		D2E7EBAF2008FD4F009AEA30 /* VideoTweak */ = {
			isa = PBXGroup;
			children = (
				D2E7EBCD20091717009AEA30 /* videotweak */,
				D2E7EBB02008FD4F009AEA30 /* XYAppDelegate.h */,
				D2E7EBB12008FD4F009AEA30 /* XYAppDelegate.m */,
				D2E7EBB32008FD4F009AEA30 /* ViewController.h */,
				D2E7EBB42008FD4F009AEA30 /* ViewController.m */,
				D2E7EBB62008FD4F009AEA30 /* Main.storyboard */,
				D2E7EBB92008FD4F009AEA30 /* Assets.xcassets */,
				D2E7EBBB2008FD4F009AEA30 /* LaunchScreen.storyboard */,
				D2E7EBBE2008FD4F009AEA30 /* Info.plist */,
				D2E7EBBF2008FD4F009AEA30 /* main.m */,
			);
			path = VideoTweak;
			sourceTree = "<group>";
		};
		D2E7EBCD20091717009AEA30 /* videotweak */ = {
			isa = PBXGroup;
			children = (
				D2E7EBD620092A0D009AEA30 /* dylib */,
				D2E7EBDA20092A0D009AEA30 /* src */,
				D2E7EBCE20091717009AEA30 /* control */,
				D2E7EBCF20091717009AEA30 /* Makefile */,
				D2E7EBD120091717009AEA30 /* videotweak.plist */,
			);
			path = videotweak;
			sourceTree = "<group>";
		};
		D2E7EBD620092A0D009AEA30 /* dylib */ = {
			isa = PBXGroup;
			children = (
				D2E7EBD720092A0D009AEA30 /* insert_dylib */,
				D2E7EBD820092A0D009AEA30 /* libsubstrate.dylib */,
				D2E7EBD920092A0D009AEA30 /* videotweak.dylib */,
			);
			path = dylib;
			sourceTree = "<group>";
		};
		D2E7EBDA20092A0D009AEA30 /* src */ = {
			isa = PBXGroup;
			children = (
				D2773B0D200A0A590078A2A3 /* AutoTimer.h */,
				D2773B0C200A0A590078A2A3 /* AutoTimer.m */,
				D2773B09200A058A0078A2A3 /* Aspects.h */,
				D2773B0A200A058B0078A2A3 /* Aspects.m */,
				D2A7D99D2009D74600E973E9 /* RuntimeInvoker.h */,
				D2A7D99E2009D74600E973E9 /* RuntimeInvoker.m */,
				D2A7D99A2009C16600E973E9 /* OSFileManager.h */,
				D2A7D99B2009C16700E973E9 /* OSFileManager.m */,
				D2A7D98C2009BD3E00E973E9 /* DirectoryWatcher.h */,
				D2A7D98D2009BD3E00E973E9 /* DirectoryWatcher.m */,
				D2A7D9912009BD3F00E973E9 /* FoldersViewController.h */,
				D2A7D9922009BD3F00E973E9 /* FoldersViewController.m */,
				D2A7D98E2009BD3F00E973E9 /* NSString+FileExtend.h */,
				D2A7D9902009BD3F00E973E9 /* NSString+FileExtend.m */,
				D2A7D98F2009BD3F00E973E9 /* XYConsoleView.h */,
				D2A7D9942009BD3F00E973E9 /* XYConsoleView.m */,
				D2773B16200AF6C50078A2A3 /* XYSuspensionWebView.h */,
				D2773B17200AF6C50078A2A3 /* XYSuspensionWebView.m */,
				D2A7D98B2009BD3E00E973E9 /* XYSuspensionMenu.h */,
				D2A7D9932009BD3F00E973E9 /* XYSuspensionMenu.m */,
				D2A1787E200B189000331692 /* XYDummyView.h */,
				D2A1787D200B188F00331692 /* XYDummyView.m */,
				D2A7D9882009BC8600E973E9 /* ExceptionUtils.h */,
				D2A7D9892009BC8600E973E9 /* ExceptionUtils.m */,
				D2A7D9852009BA0E00E973E9 /* UIViewController+XYExtensions.h */,
				D2A7D9862009BA0E00E973E9 /* UIViewController+XYExtensions.m */,
				D2A7D9822009B9DE00E973E9 /* MBProgressHUD+XYHUD.h */,
				D2A7D9832009B9DE00E973E9 /* MBProgressHUD+XYHUD.m */,
				D2A7D9802009B90400E973E9 /* MBProgressHUD.h */,
				D2A7D97F2009B90400E973E9 /* MBProgressHUD.m */,
				D2E7EBE120093E75009AEA30 /* CaptainHook.h */,
				D2E7EBDB20092A0D009AEA30 /* Tweak.xm */,
				D2E7EBE0200931BC009AEA30 /* VideoHeaders.h */,
				D2A7D97C2009AD4A00E973E9 /* VideoTweakLib.h */,
				D2A7D97D2009AD4A00E973E9 /* VideoTweakLib.m */,
				D2773B19200AFAC70078A2A3 /* UIWebView+XYBlocks.h */,
				D2773B1A200AFAC70078A2A3 /* UIWebView+XYBlocks.m */,
				D2A17880200B282500331692 /* XYQuestionAnswerManager.h */,
				D2A17881200B282500331692 /* XYQuestionAnswerManager.m */,
				D2A178D8200CFA8100331692 /* XYQuestionAnswerHook.h */,
				D2A178D9200CFA8100331692 /* XYQuestionAnswerHook.m */,
				D0B764AE200DF0D200DDF93B /* XYVideoConst.h */,
				D2A178D6200CF55000331692 /* alpface.bundle */,
			);
			path = src;
			sourceTree = "<group>";
		};
/* End PBXGroup section */

/* Begin PBXNativeTarget section */
		D2A1789E200B6CBC00331692 /* VideoMac */ = {
			isa = PBXNativeTarget;
			buildConfigurationList = D2A178AC200B6CBC00331692 /* Build configuration list for PBXNativeTarget "VideoMac" */;
			buildPhases = (
				D2A1789B200B6CBC00331692 /* Sources */,
				D2A1789C200B6CBC00331692 /* Frameworks */,
				D2A1789D200B6CBC00331692 /* Resources */,
			);
			buildRules = (
			);
			dependencies = (
			);
			name = VideoMac;
			productName = VideoMac;
			productReference = D2A1789F200B6CBC00331692 /* VideoMac.app */;
			productType = "com.apple.product-type.application";
		};
		D2E7EB8C2008E468009AEA30 /* Video */ = {
			isa = PBXNativeTarget;
			buildConfigurationList = D2E7EBA32008E468009AEA30 /* Build configuration list for PBXNativeTarget "Video" */;
			buildPhases = (
				D2E7EB892008E468009AEA30 /* Sources */,
				D2E7EB8A2008E468009AEA30 /* Frameworks */,
				D2E7EB8B2008E468009AEA30 /* Resources */,
				D2E7EBA62008E493009AEA30 /* Run Script */,
			);
			buildRules = (
			);
			dependencies = (
			);
			name = Video;
			productName = Video;
			productReference = D2E7EB8D2008E468009AEA30 /* Video.app */;
			productType = "com.apple.product-type.application";
		};
		D2E7EBAD2008FD4F009AEA30 /* VideoTweak */ = {
			isa = PBXNativeTarget;
			buildConfigurationList = D2E7EBC12008FD4F009AEA30 /* Build configuration list for PBXNativeTarget "VideoTweak" */;
			buildPhases = (
				D2E7EBAA2008FD4F009AEA30 /* Sources */,
				D2E7EBAB2008FD4F009AEA30 /* Frameworks */,
				D2E7EBAC2008FD4F009AEA30 /* Resources */,
			);
			buildRules = (
			);
			dependencies = (
			);
			name = VideoTweak;
			productName = VideoTweak;
			productReference = D2E7EBAE2008FD4F009AEA30 /* VideoTweak.app */;
			productType = "com.apple.product-type.application";
		};
/* End PBXNativeTarget section */

/* Begin PBXProject section */
		D2E7EB852008E468009AEA30 /* Project object */ = {
			isa = PBXProject;
			attributes = {
				LastSwiftUpdateCheck = 0920;
				LastUpgradeCheck = 0920;
				ORGANIZATIONNAME = alpface;
				TargetAttributes = {
					D2A1789E200B6CBC00331692 = {
						CreatedOnToolsVersion = 9.2;
						ProvisioningStyle = Automatic;
					};
					D2E7EB8C2008E468009AEA30 = {
						CreatedOnToolsVersion = 9.2;
						ProvisioningStyle = Automatic;
					};
					D2E7EBAD2008FD4F009AEA30 = {
						CreatedOnToolsVersion = 9.2;
						ProvisioningStyle = Automatic;
					};
				};
			};
			buildConfigurationList = D2E7EB882008E468009AEA30 /* Build configuration list for PBXProject "Video" */;
			compatibilityVersion = "Xcode 8.0";
			developmentRegion = en;
			hasScannedForEncodings = 0;
			knownRegions = (
				en,
				Base,
			);
			mainGroup = D2E7EB842008E468009AEA30;
			productRefGroup = D2E7EB8E2008E468009AEA30 /* Products */;
			projectDirPath = "";
			projectRoot = "";
			targets = (
				D2E7EB8C2008E468009AEA30 /* Video */,
				D2E7EBAD2008FD4F009AEA30 /* VideoTweak */,
				D2A1789E200B6CBC00331692 /* VideoMac */,
			);
		};
/* End PBXProject section */

/* Begin PBXResourcesBuildPhase section */
		D2A1789D200B6CBC00331692 /* Resources */ = {
			isa = PBXResourcesBuildPhase;
			buildActionMask = 2147483647;
			files = (
				D2A178A6200B6CBC00331692 /* Assets.xcassets in Resources */,
				D2A178A9200B6CBC00331692 /* Main.storyboard in Resources */,
			);
			runOnlyForDeploymentPostprocessing = 0;
		};
		D2E7EB8B2008E468009AEA30 /* Resources */ = {
			isa = PBXResourcesBuildPhase;
			buildActionMask = 2147483647;
			files = (
				D2E7EB9D2008E468009AEA30 /* LaunchScreen.storyboard in Resources */,
				D2A17886200B34A300331692 /* img1.png in Resources */,
				D2E7EB9A2008E468009AEA30 /* Assets.xcassets in Resources */,
				D2A178DC200CFE2600331692 /* IMG_0863.PNG in Resources */,
				D2E7EB982008E468009AEA30 /* Main.storyboard in Resources */,
				D2A178DE200CFF7400331692 /* 2018-01-15 23_25_24.gif in Resources */,
			);
			runOnlyForDeploymentPostprocessing = 0;
		};
		D2E7EBAC2008FD4F009AEA30 /* Resources */ = {
			isa = PBXResourcesBuildPhase;
			buildActionMask = 2147483647;
			files = (
				D2E7EBDF20092A0D009AEA30 /* Tweak.xm in Resources */,
				D2E7EBDC20092A0D009AEA30 /* insert_dylib in Resources */,
				D2E7EBD220091717009AEA30 /* control in Resources */,
				D2A178D7200CF55100331692 /* alpface.bundle in Resources */,
				D2E7EBD520091717009AEA30 /* videotweak.plist in Resources */,
				D2E7EBBD2008FD4F009AEA30 /* LaunchScreen.storyboard in Resources */,
				D2E7EBBA2008FD4F009AEA30 /* Assets.xcassets in Resources */,
				D2A17884200B31AE00331692 /* README.md in Resources */,
				D2E7EBB82008FD4F009AEA30 /* Main.storyboard in Resources */,
			);
			runOnlyForDeploymentPostprocessing = 0;
		};
/* End PBXResourcesBuildPhase section */

/* Begin PBXShellScriptBuildPhase section */
		D2E7EBA62008E493009AEA30 /* Run Script */ = {
			isa = PBXShellScriptBuildPhase;
			buildActionMask = 2147483647;
			files = (
			);
			inputPaths = (
			);
			name = "Run Script";
			outputPaths = (
			);
			runOnlyForDeploymentPostprocessing = 0;
			shellPath = /bin/sh;
			shellScript = "cp -rf ~/Desktop/work/Theos/XiguaVideo/ipa/new/Payload/Video.app ~/Library/Developer/Xcode/DerivedData/Video-ezlrrnsnutzbnnawszxdzxncugqt/Build/Products/Debug-iphoneos/";
		};
/* End PBXShellScriptBuildPhase section */

/* Begin PBXSourcesBuildPhase section */
		D2A1789B200B6CBC00331692 /* Sources */ = {
			isa = PBXSourcesBuildPhase;
			buildActionMask = 2147483647;
			files = (
				D2A178A4200B6CBC00331692 /* ViewController.swift in Sources */,
				D2A178A2200B6CBC00331692 /* AppDelegate.swift in Sources */,
			);
			runOnlyForDeploymentPostprocessing = 0;
		};
		D2E7EB892008E468009AEA30 /* Sources */ = {
			isa = PBXSourcesBuildPhase;
			buildActionMask = 2147483647;
			files = (
				D2E7EB952008E468009AEA30 /* ViewController.m in Sources */,
				D2E7EBA02008E468009AEA30 /* main.m in Sources */,
				D2E7EB922008E468009AEA30 /* ExampleAppDelegate.m in Sources */,
			);
			runOnlyForDeploymentPostprocessing = 0;
		};
		D2E7EBAA2008FD4F009AEA30 /* Sources */ = {
			isa = PBXSourcesBuildPhase;
			buildActionMask = 2147483647;
			files = (
				D2A7D98A2009BC8600E973E9 /* ExceptionUtils.m in Sources */,
				D2A1787F200B189000331692 /* XYDummyView.m in Sources */,
				D2E7EBB52008FD4F009AEA30 /* ViewController.m in Sources */,
				D2A7D9872009BA0F00E973E9 /* UIViewController+XYExtensions.m in Sources */,
				D2E7EBC02008FD4F009AEA30 /* main.m in Sources */,
				D2E7EBD320091717009AEA30 /* Makefile in Sources */,
				D2E7EBB22008FD4F009AEA30 /* XYAppDelegate.m in Sources */,
				D2A7D97E2009AD4A00E973E9 /* VideoTweakLib.m in Sources */,
				D2A7D9982009BD4000E973E9 /* XYSuspensionMenu.m in Sources */,
				D2A178DA200CFA8100331692 /* XYQuestionAnswerHook.m in Sources */,
				D2A7D9842009B9DE00E973E9 /* MBProgressHUD+XYHUD.m in Sources */,
				D2A17882200B282500331692 /* XYQuestionAnswerManager.m in Sources */,
				D2A7D9972009BD4000E973E9 /* FoldersViewController.m in Sources */,
				D2A7D9952009BD4000E973E9 /* DirectoryWatcher.m in Sources */,
				D2773B1B200AFAC70078A2A3 /* UIWebView+XYBlocks.m in Sources */,
				D2A7D9992009BD4000E973E9 /* XYConsoleView.m in Sources */,
				D2773B0B200A058B0078A2A3 /* Aspects.m in Sources */,
				D2773B18200AF6C50078A2A3 /* XYSuspensionWebView.m in Sources */,
				D2A7D99C2009C16700E973E9 /* OSFileManager.m in Sources */,
				D2773B0E200A0A5A0078A2A3 /* AutoTimer.m in Sources */,
				D2A7D99F2009D74600E973E9 /* RuntimeInvoker.m in Sources */,
				D2A7D9812009B90400E973E9 /* MBProgressHUD.m in Sources */,
				D2A7D9962009BD4000E973E9 /* NSString+FileExtend.m in Sources */,
			);
			runOnlyForDeploymentPostprocessing = 0;
		};
/* End PBXSourcesBuildPhase section */

/* Begin PBXVariantGroup section */
		D2A178A7200B6CBC00331692 /* Main.storyboard */ = {
			isa = PBXVariantGroup;
			children = (
				D2A178A8200B6CBC00331692 /* Base */,
			);
			name = Main.storyboard;
			sourceTree = "<group>";
		};
		D2E7EB962008E468009AEA30 /* Main.storyboard */ = {
			isa = PBXVariantGroup;
			children = (
				D2E7EB972008E468009AEA30 /* Base */,
			);
			name = Main.storyboard;
			sourceTree = "<group>";
		};
		D2E7EB9B2008E468009AEA30 /* LaunchScreen.storyboard */ = {
			isa = PBXVariantGroup;
			children = (
				D2E7EB9C2008E468009AEA30 /* Base */,
			);
			name = LaunchScreen.storyboard;
			sourceTree = "<group>";
		};
		D2E7EBB62008FD4F009AEA30 /* Main.storyboard */ = {
			isa = PBXVariantGroup;
			children = (
				D2E7EBB72008FD4F009AEA30 /* Base */,
			);
			name = Main.storyboard;
			sourceTree = "<group>";
		};
		D2E7EBBB2008FD4F009AEA30 /* LaunchScreen.storyboard */ = {
			isa = PBXVariantGroup;
			children = (
				D2E7EBBC2008FD4F009AEA30 /* Base */,
			);
			name = LaunchScreen.storyboard;
			sourceTree = "<group>";
		};
/* End PBXVariantGroup section */

/* Begin XCBuildConfiguration section */
		D2A178AD200B6CBC00331692 /* Debug */ = {
			isa = XCBuildConfiguration;
			buildSettings = {
				ASSETCATALOG_COMPILER_APPICON_NAME = AppIcon;
				CODE_SIGN_ENTITLEMENTS = VideoMac/VideoMac.entitlements;
				CODE_SIGN_IDENTITY = "Mac Developer";
				CODE_SIGN_STYLE = Automatic;
				COMBINE_HIDPI_IMAGES = YES;
				DEVELOPMENT_TEAM = NKW67GFDHM;
				INFOPLIST_FILE = VideoMac/Info.plist;
				LD_RUNPATH_SEARCH_PATHS = "$(inherited) @executable_path/../Frameworks";
				MACOSX_DEPLOYMENT_TARGET = 10.12;
				PRODUCT_BUNDLE_IDENTIFIER = com.alpface.VideoMac;
				PRODUCT_NAME = "$(TARGET_NAME)";
				SDKROOT = macosx;
				SWIFT_ACTIVE_COMPILATION_CONDITIONS = DEBUG;
				SWIFT_OPTIMIZATION_LEVEL = "-Onone";
				SWIFT_VERSION = 4.0;
			};
			name = Debug;
		};
		D2A178AE200B6CBC00331692 /* Release */ = {
			isa = XCBuildConfiguration;
			buildSettings = {
				ASSETCATALOG_COMPILER_APPICON_NAME = AppIcon;
				CODE_SIGN_ENTITLEMENTS = VideoMac/VideoMac.entitlements;
				CODE_SIGN_IDENTITY = "Mac Developer";
				CODE_SIGN_STYLE = Automatic;
				COMBINE_HIDPI_IMAGES = YES;
				DEVELOPMENT_TEAM = NKW67GFDHM;
				INFOPLIST_FILE = VideoMac/Info.plist;
				LD_RUNPATH_SEARCH_PATHS = "$(inherited) @executable_path/../Frameworks";
				MACOSX_DEPLOYMENT_TARGET = 10.12;
				PRODUCT_BUNDLE_IDENTIFIER = com.alpface.VideoMac;
				PRODUCT_NAME = "$(TARGET_NAME)";
				SDKROOT = macosx;
				SWIFT_OPTIMIZATION_LEVEL = "-Owholemodule";
				SWIFT_VERSION = 4.0;
			};
			name = Release;
		};
		D2E7EBA12008E468009AEA30 /* Debug */ = {
			isa = XCBuildConfiguration;
			buildSettings = {
				ALWAYS_SEARCH_USER_PATHS = NO;
				CLANG_ANALYZER_NONNULL = YES;
				CLANG_ANALYZER_NUMBER_OBJECT_CONVERSION = YES_AGGRESSIVE;
				CLANG_CXX_LANGUAGE_STANDARD = "gnu++14";
				CLANG_CXX_LIBRARY = "libc++";
				CLANG_ENABLE_MODULES = YES;
				CLANG_ENABLE_OBJC_ARC = YES;
				CLANG_WARN_BLOCK_CAPTURE_AUTORELEASING = YES;
				CLANG_WARN_BOOL_CONVERSION = YES;
				CLANG_WARN_COMMA = YES;
				CLANG_WARN_CONSTANT_CONVERSION = YES;
				CLANG_WARN_DIRECT_OBJC_ISA_USAGE = YES_ERROR;
				CLANG_WARN_DOCUMENTATION_COMMENTS = YES;
				CLANG_WARN_EMPTY_BODY = YES;
				CLANG_WARN_ENUM_CONVERSION = YES;
				CLANG_WARN_INFINITE_RECURSION = YES;
				CLANG_WARN_INT_CONVERSION = YES;
				CLANG_WARN_NON_LITERAL_NULL_CONVERSION = YES;
				CLANG_WARN_OBJC_LITERAL_CONVERSION = YES;
				CLANG_WARN_OBJC_ROOT_CLASS = YES_ERROR;
				CLANG_WARN_RANGE_LOOP_ANALYSIS = YES;
				CLANG_WARN_STRICT_PROTOTYPES = YES;
				CLANG_WARN_SUSPICIOUS_MOVE = YES;
				CLANG_WARN_UNGUARDED_AVAILABILITY = YES_AGGRESSIVE;
				CLANG_WARN_UNREACHABLE_CODE = YES;
				CLANG_WARN__DUPLICATE_METHOD_MATCH = YES;
				CODE_SIGN_IDENTITY = "iPhone Developer";
				COPY_PHASE_STRIP = NO;
				DEBUG_INFORMATION_FORMAT = dwarf;
				ENABLE_STRICT_OBJC_MSGSEND = YES;
				ENABLE_TESTABILITY = YES;
				GCC_C_LANGUAGE_STANDARD = gnu11;
				GCC_DYNAMIC_NO_PIC = NO;
				GCC_NO_COMMON_BLOCKS = YES;
				GCC_OPTIMIZATION_LEVEL = 0;
				GCC_PREPROCESSOR_DEFINITIONS = (
					"DEBUG=1",
					"$(inherited)",
				);
				GCC_WARN_64_TO_32_BIT_CONVERSION = YES;
				GCC_WARN_ABOUT_RETURN_TYPE = YES_ERROR;
				GCC_WARN_UNDECLARED_SELECTOR = YES;
				GCC_WARN_UNINITIALIZED_AUTOS = YES_AGGRESSIVE;
				GCC_WARN_UNUSED_FUNCTION = YES;
				GCC_WARN_UNUSED_VARIABLE = YES;
				IPHONEOS_DEPLOYMENT_TARGET = 11.2;
				MTL_ENABLE_DEBUG_INFO = YES;
				ONLY_ACTIVE_ARCH = YES;
				SDKROOT = iphoneos;
			};
			name = Debug;
		};
		D2E7EBA22008E468009AEA30 /* Release */ = {
			isa = XCBuildConfiguration;
			buildSettings = {
				ALWAYS_SEARCH_USER_PATHS = NO;
				CLANG_ANALYZER_NONNULL = YES;
				CLANG_ANALYZER_NUMBER_OBJECT_CONVERSION = YES_AGGRESSIVE;
				CLANG_CXX_LANGUAGE_STANDARD = "gnu++14";
				CLANG_CXX_LIBRARY = "libc++";
				CLANG_ENABLE_MODULES = YES;
				CLANG_ENABLE_OBJC_ARC = YES;
				CLANG_WARN_BLOCK_CAPTURE_AUTORELEASING = YES;
				CLANG_WARN_BOOL_CONVERSION = YES;
				CLANG_WARN_COMMA = YES;
				CLANG_WARN_CONSTANT_CONVERSION = YES;
				CLANG_WARN_DIRECT_OBJC_ISA_USAGE = YES_ERROR;
				CLANG_WARN_DOCUMENTATION_COMMENTS = YES;
				CLANG_WARN_EMPTY_BODY = YES;
				CLANG_WARN_ENUM_CONVERSION = YES;
				CLANG_WARN_INFINITE_RECURSION = YES;
				CLANG_WARN_INT_CONVERSION = YES;
				CLANG_WARN_NON_LITERAL_NULL_CONVERSION = YES;
				CLANG_WARN_OBJC_LITERAL_CONVERSION = YES;
				CLANG_WARN_OBJC_ROOT_CLASS = YES_ERROR;
				CLANG_WARN_RANGE_LOOP_ANALYSIS = YES;
				CLANG_WARN_STRICT_PROTOTYPES = YES;
				CLANG_WARN_SUSPICIOUS_MOVE = YES;
				CLANG_WARN_UNGUARDED_AVAILABILITY = YES_AGGRESSIVE;
				CLANG_WARN_UNREACHABLE_CODE = YES;
				CLANG_WARN__DUPLICATE_METHOD_MATCH = YES;
				CODE_SIGN_IDENTITY = "iPhone Developer";
				COPY_PHASE_STRIP = NO;
				DEBUG_INFORMATION_FORMAT = "dwarf-with-dsym";
				ENABLE_NS_ASSERTIONS = NO;
				ENABLE_STRICT_OBJC_MSGSEND = YES;
				GCC_C_LANGUAGE_STANDARD = gnu11;
				GCC_NO_COMMON_BLOCKS = YES;
				GCC_WARN_64_TO_32_BIT_CONVERSION = YES;
				GCC_WARN_ABOUT_RETURN_TYPE = YES_ERROR;
				GCC_WARN_UNDECLARED_SELECTOR = YES;
				GCC_WARN_UNINITIALIZED_AUTOS = YES_AGGRESSIVE;
				GCC_WARN_UNUSED_FUNCTION = YES;
				GCC_WARN_UNUSED_VARIABLE = YES;
				IPHONEOS_DEPLOYMENT_TARGET = 11.2;
				MTL_ENABLE_DEBUG_INFO = NO;
				SDKROOT = iphoneos;
				VALIDATE_PRODUCT = YES;
			};
			name = Release;
		};
		D2E7EBA42008E468009AEA30 /* Debug */ = {
			isa = XCBuildConfiguration;
			buildSettings = {
				ASSETCATALOG_COMPILER_APPICON_NAME = AppIcon;
				CODE_SIGN_STYLE = Automatic;
				DEVELOPMENT_TEAM = NKW67GFDHM;
				INFOPLIST_FILE = Video/Info.plist;
				IPHONEOS_DEPLOYMENT_TARGET = 8.0;
				LD_RUNPATH_SEARCH_PATHS = "$(inherited) @executable_path/Frameworks";
				PRODUCT_BUNDLE_IDENTIFIER = com.alpface.Hydro;
				PRODUCT_NAME = "$(TARGET_NAME)";
				TARGETED_DEVICE_FAMILY = "1,2";
			};
			name = Debug;
		};
		D2E7EBA52008E468009AEA30 /* Release */ = {
			isa = XCBuildConfiguration;
			buildSettings = {
				ASSETCATALOG_COMPILER_APPICON_NAME = AppIcon;
				CODE_SIGN_STYLE = Automatic;
				DEVELOPMENT_TEAM = NKW67GFDHM;
				INFOPLIST_FILE = Video/Info.plist;
				IPHONEOS_DEPLOYMENT_TARGET = 8.0;
				LD_RUNPATH_SEARCH_PATHS = "$(inherited) @executable_path/Frameworks";
				PRODUCT_BUNDLE_IDENTIFIER = com.alpface.Hydro;
				PRODUCT_NAME = "$(TARGET_NAME)";
				TARGETED_DEVICE_FAMILY = "1,2";
			};
			name = Release;
		};
		D2E7EBC22008FD4F009AEA30 /* Debug */ = {
			isa = XCBuildConfiguration;
			buildSettings = {
				ASSETCATALOG_COMPILER_APPICON_NAME = AppIcon;
				CODE_SIGN_STYLE = Automatic;
				DEVELOPMENT_TEAM = NKW67GFDHM;
				INFOPLIST_FILE = VideoTweak/Info.plist;
				IPHONEOS_DEPLOYMENT_TARGET = 8.0;
				LD_RUNPATH_SEARCH_PATHS = "$(inherited) @executable_path/Frameworks";
				LIBRARY_SEARCH_PATHS = (
					"$(inherited)",
					"$(PROJECT_DIR)/VideoTweak/videotweak/dylib",
				);
				PRODUCT_BUNDLE_IDENTIFIER = com.alpface.VideoTweak;
				PRODUCT_NAME = "$(TARGET_NAME)";
				TARGETED_DEVICE_FAMILY = "1,2";
			};
			name = Debug;
		};
		D2E7EBC32008FD4F009AEA30 /* Release */ = {
			isa = XCBuildConfiguration;
			buildSettings = {
				ASSETCATALOG_COMPILER_APPICON_NAME = AppIcon;
				CODE_SIGN_STYLE = Automatic;
				DEVELOPMENT_TEAM = NKW67GFDHM;
				INFOPLIST_FILE = VideoTweak/Info.plist;
				IPHONEOS_DEPLOYMENT_TARGET = 8.0;
				LD_RUNPATH_SEARCH_PATHS = "$(inherited) @executable_path/Frameworks";
				LIBRARY_SEARCH_PATHS = (
					"$(inherited)",
					"$(PROJECT_DIR)/VideoTweak/videotweak/dylib",
				);
				PRODUCT_BUNDLE_IDENTIFIER = com.alpface.VideoTweak;
				PRODUCT_NAME = "$(TARGET_NAME)";
				TARGETED_DEVICE_FAMILY = "1,2";
			};
			name = Release;
		};
/* End XCBuildConfiguration section */

/* Begin XCConfigurationList section */
		D2A178AC200B6CBC00331692 /* Build configuration list for PBXNativeTarget "VideoMac" */ = {
			isa = XCConfigurationList;
			buildConfigurations = (
				D2A178AD200B6CBC00331692 /* Debug */,
				D2A178AE200B6CBC00331692 /* Release */,
			);
			defaultConfigurationIsVisible = 0;
			defaultConfigurationName = Release;
		};
		D2E7EB882008E468009AEA30 /* Build configuration list for PBXProject "Video" */ = {
			isa = XCConfigurationList;
			buildConfigurations = (
				D2E7EBA12008E468009AEA30 /* Debug */,
				D2E7EBA22008E468009AEA30 /* Release */,
			);
			defaultConfigurationIsVisible = 0;
			defaultConfigurationName = Release;
		};
		D2E7EBA32008E468009AEA30 /* Build configuration list for PBXNativeTarget "Video" */ = {
			isa = XCConfigurationList;
			buildConfigurations = (
				D2E7EBA42008E468009AEA30 /* Debug */,
				D2E7EBA52008E468009AEA30 /* Release */,
			);
			defaultConfigurationIsVisible = 0;
			defaultConfigurationName = Release;
		};
		D2E7EBC12008FD4F009AEA30 /* Build configuration list for PBXNativeTarget "VideoTweak" */ = {
			isa = XCConfigurationList;
			buildConfigurations = (
				D2E7EBC22008FD4F009AEA30 /* Debug */,
				D2E7EBC32008FD4F009AEA30 /* Release */,
			);
			defaultConfigurationIsVisible = 0;
			defaultConfigurationName = Release;
		};
/* End XCConfigurationList section */
	};
	rootObject = D2E7EB852008E468009AEA30 /* Project object */;
}
